// !$*UTF8*$!
{
	archiveVersion = 1;
	classes = {
	};
	objectVersion = 56;
	objects = {

/* Begin PBXBuildFile section */
		016BBBD62AB9583C000E6BAB /* AppDelegate.swift in Sources */ = {isa = PBXBuildFile; fileRef = 016BBBD52AB9583C000E6BAB /* AppDelegate.swift */; };
		016BBBD82AB9583C000E6BAB /* SceneDelegate.swift in Sources */ = {isa = PBXBuildFile; fileRef = 016BBBD72AB9583C000E6BAB /* SceneDelegate.swift */; };
		016BBBDA2AB9583C000E6BAB /* ViewController.swift in Sources */ = {isa = PBXBuildFile; fileRef = 016BBBD92AB9583C000E6BAB /* ViewController.swift */; };
		016BBBDD2AB9583C000E6BAB /* Main.storyboard in Resources */ = {isa = PBXBuildFile; fileRef = 016BBBDB2AB9583C000E6BAB /* Main.storyboard */; };
		016BBBE02AB9583C000E6BAB /* SiniarApp_ios.xcdatamodeld in Sources */ = {isa = PBXBuildFile; fileRef = 016BBBDE2AB9583C000E6BAB /* SiniarApp_ios.xcdatamodeld */; };
		016BBBE22AB9583E000E6BAB /* Assets.xcassets in Resources */ = {isa = PBXBuildFile; fileRef = 016BBBE12AB9583E000E6BAB /* Assets.xcassets */; };
		016BBBE52AB9583E000E6BAB /* LaunchScreen.storyboard in Resources */ = {isa = PBXBuildFile; fileRef = 016BBBE32AB9583E000E6BAB /* LaunchScreen.storyboard */; };
/* End PBXBuildFile section */

/* Begin PBXFileReference section */
		016BBBD22AB9583C000E6BAB /* SiniarApp-ios.app */ = {isa = PBXFileReference; explicitFileType = wrapper.application; includeInIndex = 0; path = "SiniarApp-ios.app"; sourceTree = BUILT_PRODUCTS_DIR; };
		016BBBD52AB9583C000E6BAB /* AppDelegate.swift */ = {isa = PBXFileReference; lastKnownFileType = sourcecode.swift; path = AppDelegate.swift; sourceTree = "<group>"; };
		016BBBD72AB9583C000E6BAB /* SceneDelegate.swift */ = {isa = PBXFileReference; lastKnownFileType = sourcecode.swift; path = SceneDelegate.swift; sourceTree = "<group>"; };
		016BBBD92AB9583C000E6BAB /* ViewController.swift */ = {isa = PBXFileReference; lastKnownFileType = sourcecode.swift; path = ViewController.swift; sourceTree = "<group>"; };
		016BBBDC2AB9583C000E6BAB /* Base */ = {isa = PBXFileReference; lastKnownFileType = file.storyboard; name = Base; path = Base.lproj/Main.storyboard; sourceTree = "<group>"; };
		016BBBDF2AB9583C000E6BAB /* SiniarApp_ios.xcdatamodel */ = {isa = PBXFileReference; lastKnownFileType = wrapper.xcdatamodel; path = SiniarApp_ios.xcdatamodel; sourceTree = "<group>"; };
		016BBBE12AB9583E000E6BAB /* Assets.xcassets */ = {isa = PBXFileReference; lastKnownFileType = folder.assetcatalog; path = Assets.xcassets; sourceTree = "<group>"; };
		016BBBE42AB9583E000E6BAB /* Base */ = {isa = PBXFileReference; lastKnownFileType = file.storyboard; name = Base; path = Base.lproj/LaunchScreen.storyboard; sourceTree = "<group>"; };
		016BBBE62AB9583E000E6BAB /* Info.plist */ = {isa = PBXFileReference; lastKnownFileType = text.plist.xml; path = Info.plist; sourceTree = "<group>"; };
/* End PBXFileReference section */

/* Begin PBXFrameworksBuildPhase section */
		016BBBCF2AB9583C000E6BAB /* Frameworks */ = {
			isa = PBXFrameworksBuildPhase;
			buildActionMask = 2147483647;
			files = (
			);
			runOnlyForDeploymentPostprocessing = 0;
		};
/* End PBXFrameworksBuildPhase section */

/* Begin PBXGroup section */
		016BBBC92AB9583C000E6BAB = {
			isa = PBXGroup;
			children = (
				016BBBD42AB9583C000E6BAB /* SiniarApp-ios */,
				016BBBD32AB9583C000E6BAB /* Products */,
			);
			sourceTree = "<group>";
		};
		016BBBD32AB9583C000E6BAB /* Products */ = {
			isa = PBXGroup;
			children = (
				016BBBD22AB9583C000E6BAB /* SiniarApp-ios.app */,
			);
			name = Products;
			sourceTree = "<group>";
		};
		016BBBD42AB9583C000E6BAB /* SiniarApp-ios */ = {
			isa = PBXGroup;
			children = (
				016BBBD52AB9583C000E6BAB /* AppDelegate.swift */,
				016BBBD72AB9583C000E6BAB /* SceneDelegate.swift */,
				016BBBD92AB9583C000E6BAB /* ViewController.swift */,
				016BBBDB2AB9583C000E6BAB /* Main.storyboard */,
				016BBBE12AB9583E000E6BAB /* Assets.xcassets */,
				016BBBE32AB9583E000E6BAB /* LaunchScreen.storyboard */,
				016BBBE62AB9583E000E6BAB /* Info.plist */,
				016BBBDE2AB9583C000E6BAB /* SiniarApp_ios.xcdatamodeld */,
			);
			path = "SiniarApp-ios";
			sourceTree = "<group>";
		};
/* End PBXGroup section */

/* Begin PBXNativeTarget section */
		016BBBD12AB9583C000E6BAB /* SiniarApp-ios */ = {
			isa = PBXNativeTarget;
			buildConfigurationList = 016BBBE92AB9583E000E6BAB /* Build configuration list for PBXNativeTarget "SiniarApp-ios" */;
			buildPhases = (
				016BBBCE2AB9583C000E6BAB /* Sources */,
				016BBBCF2AB9583C000E6BAB /* Frameworks */,
				016BBBD02AB9583C000E6BAB /* Resources */,
			);
			buildRules = (
			);
			dependencies = (
			);
			name = "SiniarApp-ios";
			productName = "SiniarApp-ios";
			productReference = 016BBBD22AB9583C000E6BAB /* SiniarApp-ios.app */;
			productType = "com.apple.product-type.application";
		};
/* End PBXNativeTarget section */

/* Begin PBXProject section */
		016BBBCA2AB9583C000E6BAB /* Project object */ = {
			isa = PBXProject;
			attributes = {
				BuildIndependentTargetsInParallel = 1;
				LastSwiftUpdateCheck = 1420;
				LastUpgradeCheck = 1420;
				TargetAttributes = {
					016BBBD12AB9583C000E6BAB = {
						CreatedOnToolsVersion = 14.2;
					};
				};
			};
			buildConfigurationList = 016BBBCD2AB9583C000E6BAB /* Build configuration list for PBXProject "SiniarApp-ios" */;
			compatibilityVersion = "Xcode 14.0";
			developmentRegion = en;
			hasScannedForEncodings = 0;
			knownRegions = (
				en,
				Base,
			);
			mainGroup = 016BBBC92AB9583C000E6BAB;
			productRefGroup = 016BBBD32AB9583C000E6BAB /* Products */;
			projectDirPath = "";
			projectRoot = "";
			targets = (
				016BBBD12AB9583C000E6BAB /* SiniarApp-ios */,
			);
		};
/* End PBXProject section */

/* Begin PBXResourcesBuildPhase section */
		016BBBD02AB9583C000E6BAB /* Resources */ = {
			isa = PBXResourcesBuildPhase;
			buildActionMask = 2147483647;
			files = (
				016BBBE52AB9583E000E6BAB /* LaunchScreen.storyboard in Resources */,
				016BBBE22AB9583E000E6BAB /* Assets.xcassets in Resources */,
				016BBBDD2AB9583C000E6BAB /* Main.storyboard in Resources */,
			);
			runOnlyForDeploymentPostprocessing = 0;
		};
/* End PBXResourcesBuildPhase section */

/* Begin PBXSourcesBuildPhase section */
		016BBBCE2AB9583C000E6BAB /* Sources */ = {
			isa = PBXSourcesBuildPhase;
			buildActionMask = 2147483647;
			files = (
				016BBBDA2AB9583C000E6BAB /* ViewController.swift in Sources */,
				016BBBD62AB9583C000E6BAB /* AppDelegate.swift in Sources */,
				016BBBD82AB9583C000E6BAB /* SceneDelegate.swift in Sources */,
				016BBBE02AB9583C000E6BAB /* SiniarApp_ios.xcdatamodeld in Sources */,
			);
			runOnlyForDeploymentPostprocessing = 0;
		};
/* End PBXSourcesBuildPhase section */

/* Begin PBXVariantGroup section */
		016BBBDB2AB9583C000E6BAB /* Main.storyboard */ = {
			isa = PBXVariantGroup;
			children = (
				016BBBDC2AB9583C000E6BAB /* Base */,
			);
			name = Main.storyboard;
			sourceTree = "<group>";
		};
		016BBBE32AB9583E000E6BAB /* LaunchScreen.storyboard */ = {
			isa = PBXVariantGroup;
			children = (
				016BBBE42AB9583E000E6BAB /* Base */,
			);
			name = LaunchScreen.storyboard;
			sourceTree = "<group>";
		};
/* End PBXVariantGroup section */

/* Begin XCBuildConfiguration section */
		016BBBE72AB9583E000E6BAB /* Debug */ = {
			isa = XCBuildConfiguration;
			buildSettings = {
				ALWAYS_SEARCH_USER_PATHS = NO;
				CLANG_ANALYZER_NONNULL = YES;
				CLANG_ANALYZER_NUMBER_OBJECT_CONVERSION = YES_AGGRESSIVE;
				CLANG_CXX_LANGUAGE_STANDARD = "gnu++20";
				CLANG_ENABLE_MODULES = YES;
				CLANG_ENABLE_OBJC_ARC = YES;
				CLANG_ENABLE_OBJC_WEAK = YES;
				CLANG_WARN_BLOCK_CAPTURE_AUTORELEASING = YES;
				CLANG_WARN_BOOL_CONVERSION = YES;
				CLANG_WARN_COMMA = YES;
				CLANG_WARN_CONSTANT_CONVERSION = YES;
				CLANG_WARN_DEPRECATED_OBJC_IMPLEMENTATIONS = YES;
				CLANG_WARN_DIRECT_OBJC_ISA_USAGE = YES_ERROR;
				CLANG_WARN_DOCUMENTATION_COMMENTS = YES;
				CLANG_WARN_EMPTY_BODY = YES;
				CLANG_WARN_ENUM_CONVERSION = YES;
				CLANG_WARN_INFINITE_RECURSION = YES;
				CLANG_WARN_INT_CONVERSION = YES;
				CLANG_WARN_NON_LITERAL_NULL_CONVERSION = YES;
				CLANG_WARN_OBJC_IMPLICIT_RETAIN_SELF = YES;
				CLANG_WARN_OBJC_LITERAL_CONVERSION = YES;
				CLANG_WARN_OBJC_ROOT_CLASS = YES_ERROR;
				CLANG_WARN_QUOTED_INCLUDE_IN_FRAMEWORK_HEADER = YES;
				CLANG_WARN_RANGE_LOOP_ANALYSIS = YES;
				CLANG_WARN_STRICT_PROTOTYPES = YES;
				CLANG_WARN_SUSPICIOUS_MOVE = YES;
				CLANG_WARN_UNGUARDED_AVAILABILITY = YES_AGGRESSIVE;
				CLANG_WARN_UNREACHABLE_CODE = YES;
				CLANG_WARN__DUPLICATE_METHOD_MATCH = YES;
				COPY_PHASE_STRIP = NO;
				DEBUG_INFORMATION_FORMAT = dwarf;
				ENABLE_STRICT_OBJC_MSGSEND = YES;
				ENABLE_TESTABILITY = YES;
				GCC_C_LANGUAGE_STANDARD = gnu11;
				GCC_DYNAMIC_NO_PIC = NO;
				GCC_NO_COMMON_BLOCKS = YES;
				GCC_OPTIMIZATION_LEVEL = 0;
				GCC_PREPROCESSOR_DEFINITIONS = (
					"DEBUG=1",
					"$(inherited)",
				);
				GCC_WARN_64_TO_32_BIT_CONVERSION = YES;
				GCC_WARN_ABOUT_RETURN_TYPE = YES_ERROR;
				GCC_WARN_UNDECLARED_SELECTOR = YES;
				GCC_WARN_UNINITIALIZED_AUTOS = YES_AGGRESSIVE;
				GCC_WARN_UNUSED_FUNCTION = YES;
				GCC_WARN_UNUSED_VARIABLE = YES;
				IPHONEOS_DEPLOYMENT_TARGET = 16.2;
				MTL_ENABLE_DEBUG_INFO = INCLUDE_SOURCE;
				MTL_FAST_MATH = YES;
				ONLY_ACTIVE_ARCH = YES;
				SDKROOT = iphoneos;
				SWIFT_ACTIVE_COMPILATION_CONDITIONS = DEBUG;
				SWIFT_OPTIMIZATION_LEVEL = "-Onone";
			};
			name = Debug;
		};
		016BBBE82AB9583E000E6BAB /* Release */ = {
			isa = XCBuildConfiguration;
			buildSettings = {
				ALWAYS_SEARCH_USER_PATHS = NO;
				CLANG_ANALYZER_NONNULL = YES;
				CLANG_ANALYZER_NUMBER_OBJECT_CONVERSION = YES_AGGRESSIVE;
				CLANG_CXX_LANGUAGE_STANDARD = "gnu++20";
				CLANG_ENABLE_MODULES = YES;
				CLANG_ENABLE_OBJC_ARC = YES;
				CLANG_ENABLE_OBJC_WEAK = YES;
				CLANG_WARN_BLOCK_CAPTURE_AUTORELEASING = YES;
				CLANG_WARN_BOOL_CONVERSION = YES;
				CLANG_WARN_COMMA = YES;
				CLANG_WARN_CONSTANT_CONVERSION = YES;
				CLANG_WARN_DEPRECATED_OBJC_IMPLEMENTATIONS = YES;
				CLANG_WARN_DIRECT_OBJC_ISA_USAGE = YES_ERROR;
				CLANG_WARN_DOCUMENTATION_COMMENTS = YES;
				CLANG_WARN_EMPTY_BODY = YES;
				CLANG_WARN_ENUM_CONVERSION = YES;
				CLANG_WARN_INFINITE_RECURSION = YES;
				CLANG_WARN_INT_CONVERSION = YES;
				CLANG_WARN_NON_LITERAL_NULL_CONVERSION = YES;
				CLANG_WARN_OBJC_IMPLICIT_RETAIN_SELF = YES;
				CLANG_WARN_OBJC_LITERAL_CONVERSION = YES;
				CLANG_WARN_OBJC_ROOT_CLASS = YES_ERROR;
				CLANG_WARN_QUOTED_INCLUDE_IN_FRAMEWORK_HEADER = YES;
				CLANG_WARN_RANGE_LOOP_ANALYSIS = YES;
				CLANG_WARN_STRICT_PROTOTYPES = YES;
				CLANG_WARN_SUSPICIOUS_MOVE = YES;
				CLANG_WARN_UNGUARDED_AVAILABILITY = YES_AGGRESSIVE;
				CLANG_WARN_UNREACHABLE_CODE = YES;
				CLANG_WARN__DUPLICATE_METHOD_MATCH = YES;
				COPY_PHASE_STRIP = NO;
				DEBUG_INFORMATION_FORMAT = "dwarf-with-dsym";
				ENABLE_NS_ASSERTIONS = NO;
				ENABLE_STRICT_OBJC_MSGSEND = YES;
				GCC_C_LANGUAGE_STANDARD = gnu11;
				GCC_NO_COMMON_BLOCKS = YES;
				GCC_WARN_64_TO_32_BIT_CONVERSION = YES;
				GCC_WARN_ABOUT_RETURN_TYPE = YES_ERROR;
				GCC_WARN_UNDECLARED_SELECTOR = YES;
				GCC_WARN_UNINITIALIZED_AUTOS = YES_AGGRESSIVE;
				GCC_WARN_UNUSED_FUNCTION = YES;
				GCC_WARN_UNUSED_VARIABLE = YES;
				IPHONEOS_DEPLOYMENT_TARGET = 16.2;
				MTL_ENABLE_DEBUG_INFO = NO;
				MTL_FAST_MATH = YES;
				SDKROOT = iphoneos;
				SWIFT_COMPILATION_MODE = wholemodule;
				SWIFT_OPTIMIZATION_LEVEL = "-O";
				VALIDATE_PRODUCT = YES;
			};
			name = Release;
		};
		016BBBEA2AB9583E000E6BAB /* Debug */ = {
			isa = XCBuildConfiguration;
			buildSettings = {
				ASSETCATALOG_COMPILER_APPICON_NAME = AppIcon;
				ASSETCATALOG_COMPILER_GLOBAL_ACCENT_COLOR_NAME = AccentColor;
				CODE_SIGN_STYLE = Automatic;
				CURRENT_PROJECT_VERSION = 1;
				DEVELOPMENT_TEAM = 86CWQQPNC4;
				GENERATE_INFOPLIST_FILE = YES;
				INFOPLIST_FILE = "SiniarApp-ios/Info.plist";
				INFOPLIST_KEY_UIApplicationSupportsIndirectInputEvents = YES;
				INFOPLIST_KEY_UILaunchStoryboardName = LaunchScreen;
				INFOPLIST_KEY_UIMainStoryboardFile = Main;
				INFOPLIST_KEY_UISupportedInterfaceOrientations_iPad = "UIInterfaceOrientationPortrait UIInterfaceOrientationPortraitUpsideDown UIInterfaceOrientationLandscapeLeft UIInterfaceOrientationLandscapeRight";
				INFOPLIST_KEY_UISupportedInterfaceOrientations_iPhone = "UIInterfaceOrientationPortrait UIInterfaceOrientationLandscapeLeft UIInterfaceOrientationLandscapeRight";
				LD_RUNPATH_SEARCH_PATHS = (
					"$(inherited)",
					"@executable_path/Frameworks",
				);
				MARKETING_VERSION = 1.0;
				PRODUCT_BUNDLE_IDENTIFIER = "com.ziesdev.SiniarApp-ios";
				PRODUCT_NAME = "$(TARGET_NAME)";
				SWIFT_EMIT_LOC_STRINGS = YES;
				SWIFT_VERSION = 5.0;
				TARGETED_DEVICE_FAMILY = "1,2";
			};
			name = Debug;
		};
		016BBBEB2AB9583E000E6BAB /* Release */ = {
			isa = XCBuildConfiguration;
			buildSettings = {
				ASSETCATALOG_COMPILER_APPICON_NAME = AppIcon;
				ASSETCATALOG_COMPILER_GLOBAL_ACCENT_COLOR_NAME = AccentColor;
				CODE_SIGN_STYLE = Automatic;
				CURRENT_PROJECT_VERSION = 1;
				DEVELOPMENT_TEAM = 86CWQQPNC4;
				GENERATE_INFOPLIST_FILE = YES;
				INFOPLIST_FILE = "SiniarApp-ios/Info.plist";
				INFOPLIST_KEY_UIApplicationSupportsIndirectInputEvents = YES;
				INFOPLIST_KEY_UILaunchStoryboardName = LaunchScreen;
				INFOPLIST_KEY_UIMainStoryboardFile = Main;
				INFOPLIST_KEY_UISupportedInterfaceOrientations_iPad = "UIInterfaceOrientationPortrait UIInterfaceOrientationPortraitUpsideDown UIInterfaceOrientationLandscapeLeft UIInterfaceOrientationLandscapeRight";
				INFOPLIST_KEY_UISupportedInterfaceOrientations_iPhone = "UIInterfaceOrientationPortrait UIInterfaceOrientationLandscapeLeft UIInterfaceOrientationLandscapeRight";
				LD_RUNPATH_SEARCH_PATHS = (
					"$(inherited)",
					"@executable_path/Frameworks",
				);
				MARKETING_VERSION = 1.0;
				PRODUCT_BUNDLE_IDENTIFIER = "com.ziesdev.SiniarApp-ios";
				PRODUCT_NAME = "$(TARGET_NAME)";
				SWIFT_EMIT_LOC_STRINGS = YES;
				SWIFT_VERSION = 5.0;
				TARGETED_DEVICE_FAMILY = "1,2";
			};
			name = Release;
		};
/* End XCBuildConfiguration section */

/* Begin XCConfigurationList section */
		016BBBCD2AB9583C000E6BAB /* Build configuration list for PBXProject "SiniarApp-ios" */ = {
			isa = XCConfigurationList;
			buildConfigurations = (
				016BBBE72AB9583E000E6BAB /* Debug */,
				016BBBE82AB9583E000E6BAB /* Release */,
			);
			defaultConfigurationIsVisible = 0;
			defaultConfigurationName = Release;
		};
		016BBBE92AB9583E000E6BAB /* Build configuration list for PBXNativeTarget "SiniarApp-ios" */ = {
			isa = XCConfigurationList;
			buildConfigurations = (
				016BBBEA2AB9583E000E6BAB /* Debug */,
				016BBBEB2AB9583E000E6BAB /* Release */,
			);
			defaultConfigurationIsVisible = 0;
			defaultConfigurationName = Release;
		};
/* End XCConfigurationList section */

/* Begin XCVersionGroup section */
		016BBBDE2AB9583C000E6BAB /* SiniarApp_ios.xcdatamodeld */ = {
			isa = XCVersionGroup;
			children = (
				016BBBDF2AB9583C000E6BAB /* SiniarApp_ios.xcdatamodel */,
			);
			currentVersion = 016BBBDF2AB9583C000E6BAB /* SiniarApp_ios.xcdatamodel */;
			path = SiniarApp_ios.xcdatamodeld;
			sourceTree = "<group>";
			versionGroupType = wrapper.xcdatamodel;
		};
/* End XCVersionGroup section */
	};
	rootObject = 016BBBCA2AB9583C000E6BAB /* Project object */;
}
